// !$*UTF8*$!
{
	archiveVersion = 1;
	classes = {
	};
	objectVersion = 50;
	objects = {

/* Begin PBXBuildFile section */
		D4B163DE2301429F0003EBF1 /* NSObject+RCProperty.m in Sources */ = {isa = PBXBuildFile; fileRef = D4B163DD2301429F0003EBF1 /* NSObject+RCProperty.m */; };
		D4B163E1230142E30003EBF1 /* RCRuntimeUtils.m in Sources */ = {isa = PBXBuildFile; fileRef = D4B163E0230142E30003EBF1 /* RCRuntimeUtils.m */; };
		D4B163E5230264170003EBF1 /* PropertyTestObject.m in Sources */ = {isa = PBXBuildFile; fileRef = D4B163E4230264170003EBF1 /* PropertyTestObject.m */; };
		D4C6000B22FD617100E42201 /* AppDelegate.m in Sources */ = {isa = PBXBuildFile; fileRef = D4C6000A22FD617100E42201 /* AppDelegate.m */; };
		D4C6000E22FD617100E42201 /* ViewController.m in Sources */ = {isa = PBXBuildFile; fileRef = D4C6000D22FD617100E42201 /* ViewController.m */; };
		D4C6001122FD617100E42201 /* Main.storyboard in Resources */ = {isa = PBXBuildFile; fileRef = D4C6000F22FD617100E42201 /* Main.storyboard */; };
		D4C6001322FD617200E42201 /* Assets.xcassets in Resources */ = {isa = PBXBuildFile; fileRef = D4C6001222FD617200E42201 /* Assets.xcassets */; };
		D4C6001622FD617200E42201 /* LaunchScreen.storyboard in Resources */ = {isa = PBXBuildFile; fileRef = D4C6001422FD617200E42201 /* LaunchScreen.storyboard */; };
		D4C6001922FD617200E42201 /* main.m in Sources */ = {isa = PBXBuildFile; fileRef = D4C6001822FD617200E42201 /* main.m */; };
		D4C6002222FD61F600E42201 /* PropertyEnumerationUtils.m in Sources */ = {isa = PBXBuildFile; fileRef = D4C6002122FD61F600E42201 /* PropertyEnumerationUtils.m */; };
/* End PBXBuildFile section */

/* Begin PBXFileReference section */
		D4B163DC2301429F0003EBF1 /* NSObject+RCProperty.h */ = {isa = PBXFileReference; lastKnownFileType = sourcecode.c.h; path = "NSObject+RCProperty.h"; sourceTree = "<group>"; };
		D4B163DD2301429F0003EBF1 /* NSObject+RCProperty.m */ = {isa = PBXFileReference; lastKnownFileType = sourcecode.c.objc; path = "NSObject+RCProperty.m"; sourceTree = "<group>"; };
		D4B163DF230142E30003EBF1 /* RCRuntimeUtils.h */ = {isa = PBXFileReference; lastKnownFileType = sourcecode.c.h; path = RCRuntimeUtils.h; sourceTree = "<group>"; };
		D4B163E0230142E30003EBF1 /* RCRuntimeUtils.m */ = {isa = PBXFileReference; lastKnownFileType = sourcecode.c.objc; path = RCRuntimeUtils.m; sourceTree = "<group>"; };
		D4B163E3230264170003EBF1 /* PropertyTestObject.h */ = {isa = PBXFileReference; lastKnownFileType = sourcecode.c.h; path = PropertyTestObject.h; sourceTree = "<group>"; };
		D4B163E4230264170003EBF1 /* PropertyTestObject.m */ = {isa = PBXFileReference; lastKnownFileType = sourcecode.c.objc; path = PropertyTestObject.m; sourceTree = "<group>"; };
		D4C6000622FD617100E42201 /* Property.app */ = {isa = PBXFileReference; explicitFileType = wrapper.application; includeInIndex = 0; path = Property.app; sourceTree = BUILT_PRODUCTS_DIR; };
		D4C6000922FD617100E42201 /* AppDelegate.h */ = {isa = PBXFileReference; lastKnownFileType = sourcecode.c.h; path = AppDelegate.h; sourceTree = "<group>"; };
		D4C6000A22FD617100E42201 /* AppDelegate.m */ = {isa = PBXFileReference; lastKnownFileType = sourcecode.c.objc; path = AppDelegate.m; sourceTree = "<group>"; };
		D4C6000C22FD617100E42201 /* ViewController.h */ = {isa = PBXFileReference; lastKnownFileType = sourcecode.c.h; path = ViewController.h; sourceTree = "<group>"; };
		D4C6000D22FD617100E42201 /* ViewController.m */ = {isa = PBXFileReference; lastKnownFileType = sourcecode.c.objc; path = ViewController.m; sourceTree = "<group>"; };
		D4C6001022FD617100E42201 /* Base */ = {isa = PBXFileReference; lastKnownFileType = file.storyboard; name = Base; path = Base.lproj/Main.storyboard; sourceTree = "<group>"; };
		D4C6001222FD617200E42201 /* Assets.xcassets */ = {isa = PBXFileReference; lastKnownFileType = folder.assetcatalog; path = Assets.xcassets; sourceTree = "<group>"; };
		D4C6001522FD617200E42201 /* Base */ = {isa = PBXFileReference; lastKnownFileType = file.storyboard; name = Base; path = Base.lproj/LaunchScreen.storyboard; sourceTree = "<group>"; };
		D4C6001722FD617200E42201 /* Info.plist */ = {isa = PBXFileReference; lastKnownFileType = text.plist.xml; path = Info.plist; sourceTree = "<group>"; };
		D4C6001822FD617200E42201 /* main.m */ = {isa = PBXFileReference; lastKnownFileType = sourcecode.c.objc; path = main.m; sourceTree = "<group>"; };
		D4C6002022FD61F600E42201 /* PropertyEnumerationUtils.h */ = {isa = PBXFileReference; lastKnownFileType = sourcecode.c.h; path = PropertyEnumerationUtils.h; sourceTree = "<group>"; };
		D4C6002122FD61F600E42201 /* PropertyEnumerationUtils.m */ = {isa = PBXFileReference; lastKnownFileType = sourcecode.c.objc; path = PropertyEnumerationUtils.m; sourceTree = "<group>"; };
/* End PBXFileReference section */

/* Begin PBXFrameworksBuildPhase section */
		D4C6000322FD617100E42201 /* Frameworks */ = {
			isa = PBXFrameworksBuildPhase;
			buildActionMask = 2147483647;
			files = (
			);
			runOnlyForDeploymentPostprocessing = 0;
		};
/* End PBXFrameworksBuildPhase section */

/* Begin PBXGroup section */
		D4B163E2230180D30003EBF1 /* Objects */ = {
			isa = PBXGroup;
			children = (
				D4B163E3230264170003EBF1 /* PropertyTestObject.h */,
				D4B163E4230264170003EBF1 /* PropertyTestObject.m */,
			);
			path = Objects;
			sourceTree = "<group>";
		};
		D4C6000722FD617100E42201 /* Products */ = {
			isa = PBXGroup;
			children = (
				D4C6000622FD617100E42201 /* Property.app */,
			);
			name = Products;
			sourceTree = "<group>";
		};
		D4C6000822FD617100E42201 /* Property */ = {
			isa = PBXGroup;
			children = (
				D4C6001F22FD617C00E42201 /* Classes */,
				D4C6000922FD617100E42201 /* AppDelegate.h */,
				D4C6000A22FD617100E42201 /* AppDelegate.m */,
				D4C6000C22FD617100E42201 /* ViewController.h */,
				D4C6000D22FD617100E42201 /* ViewController.m */,
				D4C6000F22FD617100E42201 /* Main.storyboard */,
				D4C6001222FD617200E42201 /* Assets.xcassets */,
				D4C6001422FD617200E42201 /* LaunchScreen.storyboard */,
				D4C6001722FD617200E42201 /* Info.plist */,
				D4C6001822FD617200E42201 /* main.m */,
			);
			path = Property;
			sourceTree = "<group>";
		};
		D4C6001F22FD617C00E42201 /* Classes */ = {
			isa = PBXGroup;
			children = (
				D4B163E2230180D30003EBF1 /* Objects */,
				D4C6002022FD61F600E42201 /* PropertyEnumerationUtils.h */,
				D4C6002122FD61F600E42201 /* PropertyEnumerationUtils.m */,
				D4B163DC2301429F0003EBF1 /* NSObject+RCProperty.h */,
				D4B163DD2301429F0003EBF1 /* NSObject+RCProperty.m */,
				D4B163DF230142E30003EBF1 /* RCRuntimeUtils.h */,
				D4B163E0230142E30003EBF1 /* RCRuntimeUtils.m */,
			);
			path = Classes;
			sourceTree = "<group>";
		};
		D4C6FFFD22FD617100E42201 = {
			isa = PBXGroup;
			children = (
				D4C6000822FD617100E42201 /* Property */,
				D4C6000722FD617100E42201 /* Products */,
			);
			sourceTree = "<group>";
		};
/* End PBXGroup section */

/* Begin PBXNativeTarget section */
		D4C6000522FD617100E42201 /* Property */ = {
			isa = PBXNativeTarget;
			buildConfigurationList = D4C6001C22FD617200E42201 /* Build configuration list for PBXNativeTarget "Property" */;
			buildPhases = (
				D4C6000222FD617100E42201 /* Sources */,
				D4C6000322FD617100E42201 /* Frameworks */,
				D4C6000422FD617100E42201 /* Resources */,
			);
			buildRules = (
			);
			dependencies = (
			);
			name = Property;
			productName = Property;
			productReference = D4C6000622FD617100E42201 /* Property.app */;
			productType = "com.apple.product-type.application";
		};
/* End PBXNativeTarget section */

/* Begin PBXProject section */
		D4C6FFFE22FD617100E42201 /* Project object */ = {
			isa = PBXProject;
			attributes = {
				LastUpgradeCheck = 1020;
				ORGANIZATIONNAME = Alibaba;
				TargetAttributes = {
					D4C6000522FD617100E42201 = {
						CreatedOnToolsVersion = 10.2.1;
					};
				};
			};
			buildConfigurationList = D4C6000122FD617100E42201 /* Build configuration list for PBXProject "Property" */;
			compatibilityVersion = "Xcode 9.3";
			developmentRegion = en;
			hasScannedForEncodings = 0;
			knownRegions = (
				en,
				Base,
			);
			mainGroup = D4C6FFFD22FD617100E42201;
			productRefGroup = D4C6000722FD617100E42201 /* Products */;
			projectDirPath = "";
			projectRoot = "";
			targets = (
				D4C6000522FD617100E42201 /* Property */,
			);
		};
/* End PBXProject section */

/* Begin PBXResourcesBuildPhase section */
		D4C6000422FD617100E42201 /* Resources */ = {
			isa = PBXResourcesBuildPhase;
			buildActionMask = 2147483647;
			files = (
				D4C6001622FD617200E42201 /* LaunchScreen.storyboard in Resources */,
				D4C6001322FD617200E42201 /* Assets.xcassets in Resources */,
				D4C6001122FD617100E42201 /* Main.storyboard in Resources */,
			);
			runOnlyForDeploymentPostprocessing = 0;
		};
/* End PBXResourcesBuildPhase section */

/* Begin PBXSourcesBuildPhase section */
		D4C6000222FD617100E42201 /* Sources */ = {
			isa = PBXSourcesBuildPhase;
			buildActionMask = 2147483647;
			files = (
				D4B163E5230264170003EBF1 /* PropertyTestObject.m in Sources */,
				D4B163DE2301429F0003EBF1 /* NSObject+RCProperty.m in Sources */,
				D4C6002222FD61F600E42201 /* PropertyEnumerationUtils.m in Sources */,
				D4C6000E22FD617100E42201 /* ViewController.m in Sources */,
				D4C6001922FD617200E42201 /* main.m in Sources */,
				D4C6000B22FD617100E42201 /* AppDelegate.m in Sources */,
				D4B163E1230142E30003EBF1 /* RCRuntimeUtils.m in Sources */,
			);
			runOnlyForDeploymentPostprocessing = 0;
		};
/* End PBXSourcesBuildPhase section */

/* Begin PBXVariantGroup section */
		D4C6000F22FD617100E42201 /* Main.storyboard */ = {
			isa = PBXVariantGroup;
			children = (
				D4C6001022FD617100E42201 /* Base */,
			);
			name = Main.storyboard;
			sourceTree = "<group>";
		};
		D4C6001422FD617200E42201 /* LaunchScreen.storyboard */ = {
			isa = PBXVariantGroup;
			children = (
				D4C6001522FD617200E42201 /* Base */,
			);
			name = LaunchScreen.storyboard;
			sourceTree = "<group>";
		};
/* End PBXVariantGroup section */

/* Begin XCBuildConfiguration section */
		D4C6001A22FD617200E42201 /* Debug */ = {
			isa = XCBuildConfiguration;
			buildSettings = {
				ALWAYS_SEARCH_USER_PATHS = NO;
				CLANG_ANALYZER_NONNULL = YES;
				CLANG_ANALYZER_NUMBER_OBJECT_CONVERSION = YES_AGGRESSIVE;
				CLANG_CXX_LANGUAGE_STANDARD = "gnu++14";
				CLANG_CXX_LIBRARY = "libc++";
				CLANG_ENABLE_MODULES = YES;
				CLANG_ENABLE_OBJC_ARC = YES;
				CLANG_ENABLE_OBJC_WEAK = YES;
				CLANG_WARN_BLOCK_CAPTURE_AUTORELEASING = YES;
				CLANG_WARN_BOOL_CONVERSION = YES;
				CLANG_WARN_COMMA = YES;
				CLANG_WARN_CONSTANT_CONVERSION = YES;
				CLANG_WARN_DEPRECATED_OBJC_IMPLEMENTATIONS = YES;
				CLANG_WARN_DIRECT_OBJC_ISA_USAGE = YES_ERROR;
				CLANG_WARN_DOCUMENTATION_COMMENTS = YES;
				CLANG_WARN_EMPTY_BODY = YES;
				CLANG_WARN_ENUM_CONVERSION = YES;
				CLANG_WARN_INFINITE_RECURSION = YES;
				CLANG_WARN_INT_CONVERSION = YES;
				CLANG_WARN_NON_LITERAL_NULL_CONVERSION = YES;
				CLANG_WARN_OBJC_IMPLICIT_RETAIN_SELF = YES;
				CLANG_WARN_OBJC_LITERAL_CONVERSION = YES;
				CLANG_WARN_OBJC_ROOT_CLASS = YES_ERROR;
				CLANG_WARN_RANGE_LOOP_ANALYSIS = YES;
				CLANG_WARN_STRICT_PROTOTYPES = YES;
				CLANG_WARN_SUSPICIOUS_MOVE = YES;
				CLANG_WARN_UNGUARDED_AVAILABILITY = YES_AGGRESSIVE;
				CLANG_WARN_UNREACHABLE_CODE = YES;
				CLANG_WARN__DUPLICATE_METHOD_MATCH = YES;
				CODE_SIGN_IDENTITY = "iPhone Developer";
				COPY_PHASE_STRIP = NO;
				DEBUG_INFORMATION_FORMAT = dwarf;
				ENABLE_STRICT_OBJC_MSGSEND = YES;
				ENABLE_TESTABILITY = YES;
				GCC_C_LANGUAGE_STANDARD = gnu11;
				GCC_DYNAMIC_NO_PIC = NO;
				GCC_NO_COMMON_BLOCKS = YES;
				GCC_OPTIMIZATION_LEVEL = 0;
				GCC_PREPROCESSOR_DEFINITIONS = (
					"DEBUG=1",
					"$(inherited)",
				);
				GCC_WARN_64_TO_32_BIT_CONVERSION = YES;
				GCC_WARN_ABOUT_RETURN_TYPE = YES_ERROR;
				GCC_WARN_UNDECLARED_SELECTOR = YES;
				GCC_WARN_UNINITIALIZED_AUTOS = YES_AGGRESSIVE;
				GCC_WARN_UNUSED_FUNCTION = YES;
				GCC_WARN_UNUSED_VARIABLE = YES;
				IPHONEOS_DEPLOYMENT_TARGET = 12.2;
				MTL_ENABLE_DEBUG_INFO = INCLUDE_SOURCE;
				MTL_FAST_MATH = YES;
				ONLY_ACTIVE_ARCH = YES;
				SDKROOT = iphoneos;
			};
			name = Debug;
		};
		D4C6001B22FD617200E42201 /* Release */ = {
			isa = XCBuildConfiguration;
			buildSettings = {
				ALWAYS_SEARCH_USER_PATHS = NO;
				CLANG_ANALYZER_NONNULL = YES;
				CLANG_ANALYZER_NUMBER_OBJECT_CONVERSION = YES_AGGRESSIVE;
				CLANG_CXX_LANGUAGE_STANDARD = "gnu++14";
				CLANG_CXX_LIBRARY = "libc++";
				CLANG_ENABLE_MODULES = YES;
				CLANG_ENABLE_OBJC_ARC = YES;
				CLANG_ENABLE_OBJC_WEAK = YES;
				CLANG_WARN_BLOCK_CAPTURE_AUTORELEASING = YES;
				CLANG_WARN_BOOL_CONVERSION = YES;
				CLANG_WARN_COMMA = YES;
				CLANG_WARN_CONSTANT_CONVERSION = YES;
				CLANG_WARN_DEPRECATED_OBJC_IMPLEMENTATIONS = YES;
				CLANG_WARN_DIRECT_OBJC_ISA_USAGE = YES_ERROR;
				CLANG_WARN_DOCUMENTATION_COMMENTS = YES;
				CLANG_WARN_EMPTY_BODY = YES;
				CLANG_WARN_ENUM_CONVERSION = YES;
				CLANG_WARN_INFINITE_RECURSION = YES;
				CLANG_WARN_INT_CONVERSION = YES;
				CLANG_WARN_NON_LITERAL_NULL_CONVERSION = YES;
				CLANG_WARN_OBJC_IMPLICIT_RETAIN_SELF = YES;
				CLANG_WARN_OBJC_LITERAL_CONVERSION = YES;
				CLANG_WARN_OBJC_ROOT_CLASS = YES_ERROR;
				CLANG_WARN_RANGE_LOOP_ANALYSIS = YES;
				CLANG_WARN_STRICT_PROTOTYPES = YES;
				CLANG_WARN_SUSPICIOUS_MOVE = YES;
				CLANG_WARN_UNGUARDED_AVAILABILITY = YES_AGGRESSIVE;
				CLANG_WARN_UNREACHABLE_CODE = YES;
				CLANG_WARN__DUPLICATE_METHOD_MATCH = YES;
				CODE_SIGN_IDENTITY = "iPhone Developer";
				COPY_PHASE_STRIP = NO;
				DEBUG_INFORMATION_FORMAT = "dwarf-with-dsym";
				ENABLE_NS_ASSERTIONS = NO;
				ENABLE_STRICT_OBJC_MSGSEND = YES;
				GCC_C_LANGUAGE_STANDARD = gnu11;
				GCC_NO_COMMON_BLOCKS = YES;
				GCC_WARN_64_TO_32_BIT_CONVERSION = YES;
				GCC_WARN_ABOUT_RETURN_TYPE = YES_ERROR;
				GCC_WARN_UNDECLARED_SELECTOR = YES;
				GCC_WARN_UNINITIALIZED_AUTOS = YES_AGGRESSIVE;
				GCC_WARN_UNUSED_FUNCTION = YES;
				GCC_WARN_UNUSED_VARIABLE = YES;
				IPHONEOS_DEPLOYMENT_TARGET = 12.2;
				MTL_ENABLE_DEBUG_INFO = NO;
				MTL_FAST_MATH = YES;
				SDKROOT = iphoneos;
				VALIDATE_PRODUCT = YES;
			};
			name = Release;
		};
		D4C6001D22FD617200E42201 /* Debug */ = {
			isa = XCBuildConfiguration;
			buildSettings = {
				ASSETCATALOG_COMPILER_APPICON_NAME = AppIcon;
				CODE_SIGN_STYLE = Automatic;
				DEVELOPMENT_TEAM = T27K5A5ZWD;
				INFOPLIST_FILE = Property/Info.plist;
				LD_RUNPATH_SEARCH_PATHS = (
					"$(inherited)",
					"@executable_path/Frameworks",
				);
				PRODUCT_BUNDLE_IDENTIFIER = com.alibaba.Property;
				PRODUCT_NAME = "$(TARGET_NAME)";
				TARGETED_DEVICE_FAMILY = "1,2";
			};
			name = Debug;
		};
		D4C6001E22FD617200E42201 /* Release */ = {
			isa = XCBuildConfiguration;
			buildSettings = {
				ASSETCATALOG_COMPILER_APPICON_NAME = AppIcon;
				CODE_SIGN_STYLE = Automatic;
				DEVELOPMENT_TEAM = T27K5A5ZWD;
				INFOPLIST_FILE = Property/Info.plist;
				LD_RUNPATH_SEARCH_PATHS = (
					"$(inherited)",
					"@executable_path/Frameworks",
				);
				PRODUCT_BUNDLE_IDENTIFIER = com.alibaba.Property;
				PRODUCT_NAME = "$(TARGET_NAME)";
				TARGETED_DEVICE_FAMILY = "1,2";
			};
			name = Release;
		};
/* End XCBuildConfiguration section */

/* Begin XCConfigurationList section */
		D4C6000122FD617100E42201 /* Build configuration list for PBXProject "Property" */ = {
			isa = XCConfigurationList;
			buildConfigurations = (
				D4C6001A22FD617200E42201 /* Debug */,
				D4C6001B22FD617200E42201 /* Release */,
			);
			defaultConfigurationIsVisible = 0;
			defaultConfigurationName = Release;
		};
		D4C6001C22FD617200E42201 /* Build configuration list for PBXNativeTarget "Property" */ = {
			isa = XCConfigurationList;
			buildConfigurations = (
				D4C6001D22FD617200E42201 /* Debug */,
				D4C6001E22FD617200E42201 /* Release */,
			);
			defaultConfigurationIsVisible = 0;
			defaultConfigurationName = Release;
		};
/* End XCConfigurationList section */
	};
	rootObject = D4C6FFFE22FD617100E42201 /* Project object */;
}
